
Microsoft Visual Studio Solution File, Format Version 12.00
# Visual Studio 14
VisualStudioVersion = 14.0.25420.1
MinimumVisualStudioVersion = 10.0.40219.1
Project("{2150E333-8FDC-42A3-9474-1A3956D46DE8}") = "src", "src", "{7B192C36-26CA-4743-B656-BAF6629334D6}"
EndProject
Project("{2150E333-8FDC-42A3-9474-1A3956D46DE8}") = "Solution Items", "Solution Items", "{EBC8C9D7-05AD-4A38-AEB9-DDB0D69B0EBC}"
	ProjectSection(SolutionItems) = preProject
		global.json = global.json
	EndProjectSection
EndProject
Project("{8BB2217D-0F2D-49D1-97BC-3654ED321F3B}") = "AnApiOfIceAndFire", "src\AnApiOfIceAndFire\AnApiOfIceAndFire.xproj", "{FF55D430-7FEB-4431-A9A4-CA7A436CB10B}"
EndProject
Project("{2150E333-8FDC-42A3-9474-1A3956D46DE8}") = "tests", "tests", "{0AEB6B44-815A-4428-BEF9-1362AD454A7D}"
EndProject
Project("{8BB2217D-0F2D-49D1-97BC-3654ED321F3B}") = "AnApiOfIceAndFire.Tests", "tests\AnApiOfIceAndFire.Tests\AnApiOfIceAndFire.Tests.xproj", "{BC8C4C3E-671F-49AB-873E-42D5B49A4156}"
EndProject
Global
	GlobalSection(SolutionConfigurationPlatforms) = preSolution
		Debug|Any CPU = Debug|Any CPU
		Release|Any CPU = Release|Any CPU
	EndGlobalSection
	GlobalSection(ProjectConfigurationPlatforms) = postSolution
		{FF55D430-7FEB-4431-A9A4-CA7A436CB10B}.Debug|Any CPU.ActiveCfg = Debug|Any CPU
		{FF55D430-7FEB-4431-A9A4-CA7A436CB10B}.Debug|Any CPU.Build.0 = Debug|Any CPU
		{FF55D430-7FEB-4431-A9A4-CA7A436CB10B}.Release|Any CPU.ActiveCfg = Release|Any CPU
		{FF55D430-7FEB-4431-A9A4-CA7A436CB10B}.Release|Any CPU.Build.0 = Release|Any CPU
		{BC8C4C3E-671F-49AB-873E-42D5B49A4156}.Debug|Any CPU.ActiveCfg = Debug|Any CPU
		{BC8C4C3E-671F-49AB-873E-42D5B49A4156}.Debug|Any CPU.Build.0 = Debug|Any CPU
		{BC8C4C3E-671F-49AB-873E-42D5B49A4156}.Release|Any CPU.ActiveCfg = Release|Any CPU
		{BC8C4C3E-671F-49AB-873E-42D5B49A4156}.Release|Any CPU.Build.0 = Release|Any CPU
	EndGlobalSection
	GlobalSection(SolutionProperties) = preSolution
		HideSolutionNode = FALSE
	EndGlobalSection
	GlobalSection(NestedProjects) = preSolution
		{FF55D430-7FEB-4431-A9A4-CA7A436CB10B} = {7B192C36-26CA-4743-B656-BAF6629334D6}
		{BC8C4C3E-671F-49AB-873E-42D5B49A4156} = {0AEB6B44-815A-4428-BEF9-1362AD454A7D}
	EndGlobalSection
EndGlobal
